
Microsoft Visual Studio Solution File, Format Version 10.00
# Visual Studio 2008
Project("{8BC9CEB8-8B4A-11D0-8D11-00A0C91BC942}") = "Macaroni", "Macaroni\Macaroni.vcproj", "{D57C9ED8-414C-419C-B331-04A8978DEFA4}"
EndProject
Global
	GlobalSection(SolutionConfigurationPlatforms) = preSolution
		Boost Test|Win32 = Boost Test|Win32
		Debug|Win32 = Debug|Win32
		Release|Win32 = Release|Win32
	EndGlobalSection
	GlobalSection(ProjectConfigurationPlatforms) = postSolution
		{D57C9ED8-414C-419C-B331-04A8978DEFA4}.Boost Test|Win32.ActiveCfg = Boost Test|Win32
		{D57C9ED8-414C-419C-B331-04A8978DEFA4}.Boost Test|Win32.Build.0 = Boost Test|Win32
		{D57C9ED8-414C-419C-B331-04A8978DEFA4}.Debug|Win32.ActiveCfg = Debug|Win32
		{D57C9ED8-414C-419C-B331-04A8978DEFA4}.Debug|Win32.Build.0 = Debug|Win32
		{D57C9ED8-414C-419C-B331-04A8978DEFA4}.Release|Win32.ActiveCfg = Release|Win32
		{D57C9ED8-414C-419C-B331-04A8978DEFA4}.Release|Win32.Build.0 = Release|Win32
	EndGlobalSection
	GlobalSection(SolutionProperties) = preSolution
		HideSolutionNode = FALSE
	EndGlobalSection
EndGlobal
