
Microsoft Visual Studio Solution File, Format Version 10.00
# Visual Studio 2008
Project("{8BC9CEB8-8B4A-11D0-8D11-00A0C91BC942}") = "App", "..\..\Main\App\App.vcproj", "{FD0E3633-4AB0-4068-BDD9-92A353751345}"
EndProject
Project("{8BC9CEB8-8B4A-11D0-8D11-00A0C91BC942}") = "Generators", "..\..\Main\Generators\Generators.vcproj", "{9F5A233C-6244-4717-964D-85CAE38F85E9}"
EndProject
Project("{8BC9CEB8-8B4A-11D0-8D11-00A0C91BC942}") = "Libraries", "..\..\Main\Libraries\Libraries.vcproj", "{281F0431-C46E-46D7-B8B6-C694AF82E197}"
EndProject
Global
	GlobalSection(SolutionConfigurationPlatforms) = preSolution
		Debug|Win32 = Debug|Win32
		Release|Win32 = Release|Win32
	EndGlobalSection
	GlobalSection(ProjectConfigurationPlatforms) = postSolution
		{FD0E3633-4AB0-4068-BDD9-92A353751345}.Debug|Win32.ActiveCfg = Debug|Win32
		{FD0E3633-4AB0-4068-BDD9-92A353751345}.Debug|Win32.Build.0 = Debug|Win32
		{FD0E3633-4AB0-4068-BDD9-92A353751345}.Release|Win32.ActiveCfg = Release|Win32
		{FD0E3633-4AB0-4068-BDD9-92A353751345}.Release|Win32.Build.0 = Release|Win32
		{9F5A233C-6244-4717-964D-85CAE38F85E9}.Debug|Win32.ActiveCfg = Debug|Win32
		{9F5A233C-6244-4717-964D-85CAE38F85E9}.Debug|Win32.Build.0 = Debug|Win32
		{9F5A233C-6244-4717-964D-85CAE38F85E9}.Release|Win32.ActiveCfg = Release|Win32
		{9F5A233C-6244-4717-964D-85CAE38F85E9}.Release|Win32.Build.0 = Release|Win32
		{281F0431-C46E-46D7-B8B6-C694AF82E197}.Debug|Win32.ActiveCfg = Debug|Win32
		{281F0431-C46E-46D7-B8B6-C694AF82E197}.Debug|Win32.Build.0 = Debug|Win32
		{281F0431-C46E-46D7-B8B6-C694AF82E197}.Release|Win32.ActiveCfg = Release|Win32
		{281F0431-C46E-46D7-B8B6-C694AF82E197}.Release|Win32.Build.0 = Release|Win32
	EndGlobalSection
	GlobalSection(SolutionProperties) = preSolution
		HideSolutionNode = FALSE
	EndGlobalSection
EndGlobal
